{
  "name": "server",
  "version": "1.0.0",
  "lockfileVersion": 1,
  "requires": true,
  "dependencies": {
    "@apollo/client": {
      "version": "3.2.2",
      "resolved": "https://registry.npmjs.org/@apollo/client/-/client-3.2.2.tgz",
      "integrity": "sha512-lw80L0i8PHhv863iLEwf5AvNak9STPNC6/0MWQYGZHV4yEryj7muLAueRzXkZHpoddGAou80xL8KqLAODNy0/A==",
      "requires": {
        "@graphql-typed-document-node/core": "^3.0.0",
        "@types/zen-observable": "^0.8.0",
        "@wry/context": "^0.5.2",
        "@wry/equality": "^0.2.0",
        "fast-json-stable-stringify": "^2.0.0",
        "graphql-tag": "^2.11.0",
        "hoist-non-react-statics": "^3.3.2",
        "optimism": "^0.12.1",
        "prop-types": "^15.7.2",
        "symbol-observable": "^2.0.0",
        "terser": "^5.2.0",
        "ts-invariant": "^0.4.4",
        "tslib": "^1.10.0",
        "zen-observable": "^0.8.14"
      }
    },
    "@graphql-typed-document-node/core": {
      "version": "3.1.0",
      "resolved": "https://registry.npmjs.org/@graphql-typed-document-node/core/-/core-3.1.0.tgz",
      "integrity": "sha512-wYn6r8zVZyQJ6rQaALBEln5B1pzxb9shV5Ef97kTvn6yVGrqyXVnDqnU24MXnFubR+rZjBY9NWuxX3FB2sTsjg=="
    },
    "@next/env": {
      "version": "12.1.0",
      "resolved": "https://registry.npmjs.org/@next/env/-/env-12.1.0.tgz",
      "integrity": "sha512-nrIgY6t17FQ9xxwH3jj0a6EOiQ/WDHUos35Hghtr+SWN/ntHIQ7UpuvSi0vaLzZVHQWaDupKI+liO5vANcDeTQ=="
    },
    "@next/swc-android-arm64": {
      "version": "12.1.0",
      "resolved": "https://registry.npmjs.org/@next/swc-android-arm64/-/swc-android-arm64-12.1.0.tgz",
      "integrity": "sha512-/280MLdZe0W03stA69iL+v6I+J1ascrQ6FrXBlXGCsGzrfMaGr7fskMa0T5AhQIVQD4nA/46QQWxG//DYuFBcA==",
      "optional": true
    },
    "@next/swc-darwin-arm64": {
      "version": "12.1.0",
      "resolved": "https://registry.npmjs.org/@next/swc-darwin-arm64/-/swc-darwin-arm64-12.1.0.tgz",
      "integrity": "sha512-R8vcXE2/iONJ1Unf5Ptqjk6LRW3bggH+8drNkkzH4FLEQkHtELhvcmJwkXcuipyQCsIakldAXhRbZmm3YN1vXg==",
      "optional": true
    },
    "@next/swc-darwin-x64": {
      "version": "12.1.0",
      "resolved": "https://registry.npmjs.org/@next/swc-darwin-x64/-/swc-darwin-x64-12.1.0.tgz",
      "integrity": "sha512-ieAz0/J0PhmbZBB8+EA/JGdhRHBogF8BWaeqR7hwveb6SYEIJaDNQy0I+ZN8gF8hLj63bEDxJAs/cEhdnTq+ug==",
      "optional": true
    },
    "@next/swc-linux-arm-gnueabihf": {
      "version": "12.1.0",
      "resolved": "https://registry.npmjs.org/@next/swc-linux-arm-gnueabihf/-/swc-linux-arm-gnueabihf-12.1.0.tgz",
      "integrity": "sha512-njUd9hpl6o6A5d08dC0cKAgXKCzm5fFtgGe6i0eko8IAdtAPbtHxtpre3VeSxdZvuGFh+hb0REySQP9T1ttkog==",
      "optional": true
    },
    "@next/swc-linux-arm64-gnu": {
      "version": "12.1.0",
      "resolved": "https://registry.npmjs.org/@next/swc-linux-arm64-gnu/-/swc-linux-arm64-gnu-12.1.0.tgz",
      "integrity": "sha512-OqangJLkRxVxMhDtcb7Qn1xjzFA3s50EIxY7mljbSCLybU+sByPaWAHY4px97ieOlr2y4S0xdPKkQ3BCAwyo6Q==",
      "optional": true
    },
    "@next/swc-linux-arm64-musl": {
      "version": "12.1.0",
      "resolved": "https://registry.npmjs.org/@next/swc-linux-arm64-musl/-/swc-linux-arm64-musl-12.1.0.tgz",
      "integrity": "sha512-hB8cLSt4GdmOpcwRe2UzI5UWn6HHO/vLkr5OTuNvCJ5xGDwpPXelVkYW/0+C3g5axbDW2Tym4S+MQCkkH9QfWA==",
      "optional": true
    },
    "@next/swc-linux-x64-gnu": {
      "version": "12.1.0",
      "resolved": "https://registry.npmjs.org/@next/swc-linux-x64-gnu/-/swc-linux-x64-gnu-12.1.0.tgz",
      "integrity": "sha512-OKO4R/digvrVuweSw/uBM4nSdyzsBV5EwkUeeG4KVpkIZEe64ZwRpnFB65bC6hGwxIBnTv5NMSnJ+0K/WmG78A==",
      "optional": true
    },
    "@next/swc-linux-x64-musl": {
      "version": "12.1.0",
      "resolved": "https://registry.npmjs.org/@next/swc-linux-x64-musl/-/swc-linux-x64-musl-12.1.0.tgz",
      "integrity": "sha512-JohhgAHZvOD3rQY7tlp7NlmvtvYHBYgY0x5ZCecUT6eCCcl9lv6iV3nfu82ErkxNk1H893fqH0FUpznZ/H3pSw==",
      "optional": true
    },
    "@next/swc-win32-arm64-msvc": {
      "version": "12.1.0",
      "resolved": "https://registry.npmjs.org/@next/swc-win32-arm64-msvc/-/swc-win32-arm64-msvc-12.1.0.tgz",
      "integrity": "sha512-T/3gIE6QEfKIJ4dmJk75v9hhNiYZhQYAoYm4iVo1TgcsuaKLFa+zMPh4056AHiG6n9tn2UQ1CFE8EoybEsqsSw==",
      "optional": true
    },
    "@next/swc-win32-ia32-msvc": {
      "version": "12.1.0",
      "resolved": "https://registry.npmjs.org/@next/swc-win32-ia32-msvc/-/swc-win32-ia32-msvc-12.1.0.tgz",
      "integrity": "sha512-iwnKgHJdqhIW19H9PRPM9j55V6RdcOo6rX+5imx832BCWzkDbyomWnlzBfr6ByUYfhohb8QuH4hSGEikpPqI0Q==",
      "optional": true
    },
    "@next/swc-win32-x64-msvc": {
      "version": "12.1.0",
      "resolved": "https://registry.npmjs.org/@next/swc-win32-x64-msvc/-/swc-win32-x64-msvc-12.1.0.tgz",
      "integrity": "sha512-aBvcbMwuanDH4EMrL2TthNJy+4nP59Bimn8egqv6GHMVj0a44cU6Au4PjOhLNqEh9l+IpRGBqMTzec94UdC5xg==",
      "optional": true
    },
    "@types/zen-observable": {
      "version": "0.8.1",
      "resolved": "https://registry.npmjs.org/@types/zen-observable/-/zen-observable-0.8.1.tgz",
      "integrity": "sha512-wmk0xQI6Yy7Fs/il4EpOcflG4uonUpYGqvZARESLc2oy4u69fkatFLbJOeW4Q6awO15P4rduAe6xkwHevpXcUQ=="
    },
    "@wry/context": {
      "version": "0.5.2",
      "resolved": "https://registry.npmjs.org/@wry/context/-/context-0.5.2.tgz",
      "integrity": "sha512-B/JLuRZ/vbEKHRUiGj6xiMojST1kHhu4WcreLfNN7q9DqQFrb97cWgf/kiYsPSUCAMVN0HzfFc8XjJdzgZzfjw==",
      "requires": {
        "tslib": "^1.9.3"
      }
    },
    "@wry/equality": {
      "version": "0.2.0",
      "resolved": "https://registry.npmjs.org/@wry/equality/-/equality-0.2.0.tgz",
      "integrity": "sha512-Y4d+WH6hs+KZJUC8YKLYGarjGekBrhslDbf/R20oV+AakHPINSitHfDRQz3EGcEWc1luXYNUvMhawWtZVWNGvQ==",
      "requires": {
        "tslib": "^1.9.3"
      }
    },
    "buffer-from": {
      "version": "1.1.1",
      "resolved": "https://registry.npmjs.org/buffer-from/-/buffer-from-1.1.1.tgz",
      "integrity": "sha512-MQcXEUbCKtEo7bhqEs6560Hyd4XaovZlO/k9V3hjVUF/zwW7KBVdSK4gIt/bzwS9MbR5qob+F5jusZsb0YQK2A=="
    },
    "caniuse-lite": {
      "version": "1.0.30001312",
      "resolved": "https://registry.npmjs.org/caniuse-lite/-/caniuse-lite-1.0.30001312.tgz",
      "integrity": "sha512-Wiz1Psk2MEK0pX3rUzWaunLTZzqS2JYZFzNKqAiJGiuxIjRPLgV6+VDPOg6lQOUxmDwhTlh198JsTTi8Hzw6aQ=="
    },
    "commander": {
      "version": "2.20.3",
      "resolved": "https://registry.npmjs.org/commander/-/commander-2.20.3.tgz",
      "integrity": "sha512-GpVkmM8vF2vQUkj2LvZmD35JxeJOLCwJ9cUkugyk2nuhbv3+mJvpLYYt+0+USMxE+oj+ey/lJEnhZw75x/OMcQ=="
    },
    "cross-fetch": {
      "version": "3.0.6",
      "resolved": "https://registry.npmjs.org/cross-fetch/-/cross-fetch-3.0.6.tgz",
      "integrity": "sha512-KBPUbqgFjzWlVcURG+Svp9TlhA5uliYtiNx/0r8nv0pdypeQCRJ9IaSIc3q/x3q8t3F75cHuwxVql1HFGHCNJQ==",
      "requires": {
        "node-fetch": "2.6.1"
      }
    },
    "fast-json-stable-stringify": {
      "version": "2.1.0",
      "resolved": "https://registry.npmjs.org/fast-json-stable-stringify/-/fast-json-stable-stringify-2.1.0.tgz",
      "integrity": "sha512-lhd/wF+Lk98HZoTCtlVraHtfh5XYijIjalXck7saUtuanSDyLMxnHhSXEDJqHxD7msR8D0uCmqlkwjCV8xvwHw=="
    },
    "graphql": {
      "version": "15.3.0",
      "resolved": "https://registry.npmjs.org/graphql/-/graphql-15.3.0.tgz",
      "integrity": "sha512-GTCJtzJmkFLWRfFJuoo9RWWa/FfamUHgiFosxi/X1Ani4AVWbeyBenZTNX6dM+7WSbbFfTo/25eh0LLkwHMw2w=="
    },
    "graphql-tag": {
      "version": "2.11.0",
      "resolved": "https://registry.npmjs.org/graphql-tag/-/graphql-tag-2.11.0.tgz",
      "integrity": "sha512-VmsD5pJqWJnQZMUeRwrDhfgoyqcfwEkvtpANqcoUG8/tOLkwNgU9mzub/Mc78OJMhHjx7gfAMTxzdG43VGg3bA=="
    },
    "hoist-non-react-statics": {
      "version": "3.3.2",
      "resolved": "https://registry.npmjs.org/hoist-non-react-statics/-/hoist-non-react-statics-3.3.2.tgz",
      "integrity": "sha512-/gGivxi8JPKWNm/W0jSmzcMPpfpPLc3dY/6GxhX2hQ9iGj3aDfklV4ET7NjKpSinLpJ5vafa9iiGIEZg10SfBw==",
      "requires": {
        "react-is": "^16.7.0"
      }
    },
    "js-tokens": {
      "version": "4.0.0",
      "resolved": "https://registry.npmjs.org/js-tokens/-/js-tokens-4.0.0.tgz",
      "integrity": "sha512-RdJUflcE3cUzKiMqQgsCu06FPu9UdIJO0beYbPhHN4k6apgJtifcoCtT9bcxOpYBtpD2kCM6Sbzg4CausW/PKQ=="
    },
    "loose-envify": {
      "version": "1.4.0",
      "resolved": "https://registry.npmjs.org/loose-envify/-/loose-envify-1.4.0.tgz",
      "integrity": "sha512-lyuxPGr/Wfhrlem2CL/UcnUc1zcqKAImBDzukY7Y5F/yQiNdko6+fRLevlw1HgMySw7f611UIY408EtxRSoK3Q==",
      "requires": {
        "js-tokens": "^3.0.0 || ^4.0.0"
      }
    },
    "nanoid": {
      "version": "3.3.1",
      "resolved": "https://registry.npmjs.org/nanoid/-/nanoid-3.3.1.tgz",
      "integrity": "sha512-n6Vs/3KGyxPQd6uO0eH4Bv0ojGSUvuLlIHtC3Y0kEO23YRge8H9x1GCzLn28YX0H66pMkxuaeESFq4tKISKwdw=="
    },
    "next": {
      "version": "12.1.0",
      "resolved": "https://registry.npmjs.org/next/-/next-12.1.0.tgz",
      "integrity": "sha512-s885kWvnIlxsUFHq9UGyIyLiuD0G3BUC/xrH0CEnH5lHEWkwQcHOORgbDF0hbrW9vr/7am4ETfX4A7M6DjrE7Q==",
      "requires": {
        "@next/env": "12.1.0",
        "@next/swc-android-arm64": "12.1.0",
        "@next/swc-darwin-arm64": "12.1.0",
        "@next/swc-darwin-x64": "12.1.0",
        "@next/swc-linux-arm-gnueabihf": "12.1.0",
        "@next/swc-linux-arm64-gnu": "12.1.0",
        "@next/swc-linux-arm64-musl": "12.1.0",
        "@next/swc-linux-x64-gnu": "12.1.0",
        "@next/swc-linux-x64-musl": "12.1.0",
        "@next/swc-win32-arm64-msvc": "12.1.0",
        "@next/swc-win32-ia32-msvc": "12.1.0",
        "@next/swc-win32-x64-msvc": "12.1.0",
        "caniuse-lite": "^1.0.30001283",
        "postcss": "8.4.5",
        "styled-jsx": "5.0.0",
        "use-subscription": "1.5.1"
      }
    },
    "node-fetch": {
      "version": "2.6.1",
      "resolved": "https://registry.npmjs.org/node-fetch/-/node-fetch-2.6.1.tgz",
      "integrity": "sha512-V4aYg89jEoVRxRb2fJdAg8FHvI7cEyYdVAh94HH0UIK8oJxUfkjlDQN9RbMx+bEjP7+ggMiFRprSti032Oipxw=="
    },
    "object-assign": {
      "version": "4.1.1",
      "resolved": "https://registry.npmjs.org/object-assign/-/object-assign-4.1.1.tgz",
      "integrity": "sha1-IQmtx5ZYh8/AXLvUQsrIv7s2CGM="
    },
    "optimism": {
      "version": "0.12.2",
      "resolved": "https://registry.npmjs.org/optimism/-/optimism-0.12.2.tgz",
      "integrity": "sha512-k7hFhlmfLl6HNThIuuvYMQodC1c+q6Uc6V9cLVsMWyW514QuaxVJH/khPu2vLRIoDTpFdJ5sojlARhg1rzyGbg==",
      "requires": {
        "@wry/context": "^0.5.2"
      }
    },
    "picocolors": {
      "version": "1.0.0",
      "resolved": "https://registry.npmjs.org/picocolors/-/picocolors-1.0.0.tgz",
      "integrity": "sha512-1fygroTLlHu66zi26VoTDv8yRgm0Fccecssto+MhsZ0D/DGW2sm8E8AjW7NU5VVTRt5GxbeZ5qBuJr+HyLYkjQ=="
    },
    "postcss": {
      "version": "8.4.5",
      "resolved": "https://registry.npmjs.org/postcss/-/postcss-8.4.5.tgz",
      "integrity": "sha512-jBDboWM8qpaqwkMwItqTQTiFikhs/67OYVvblFFTM7MrZjt6yMKd6r2kgXizEbTTljacm4NldIlZnhbjr84QYg==",
      "requires": {
        "nanoid": "^3.1.30",
        "picocolors": "^1.0.0",
        "source-map-js": "^1.0.1"
      }
    },
    "prop-types": {
      "version": "15.7.2",
      "resolved": "https://registry.npmjs.org/prop-types/-/prop-types-15.7.2.tgz",
      "integrity": "sha512-8QQikdH7//R2vurIJSutZ1smHYTcLpRWEOlHnzcWHmBYrOGUysKwSsrC89BCiFj3CbrfJ/nXFdJepOVrY1GCHQ==",
      "requires": {
        "loose-envify": "^1.4.0",
        "object-assign": "^4.1.1",
        "react-is": "^16.8.1"
      }
    },
    "react": {
      "version": "16.13.1",
      "resolved": "https://registry.npmjs.org/react/-/react-16.13.1.tgz",
      "integrity": "sha512-YMZQQq32xHLX0bz5Mnibv1/LHb3Sqzngu7xstSM+vrkE5Kzr9xE0yMByK5kMoTK30YVJE61WfbxIFFvfeDKT1w==",
      "requires": {
        "loose-envify": "^1.1.0",
        "object-assign": "^4.1.1",
        "prop-types": "^15.6.2"
      }
    },
    "react-dom": {
      "version": "16.13.1",
      "resolved": "https://registry.npmjs.org/react-dom/-/react-dom-16.13.1.tgz",
      "integrity": "sha512-81PIMmVLnCNLO/fFOQxdQkvEq/+Hfpv24XNJfpyZhTRfO0QcmQIF/PgCa1zCOj2w1hrn12MFLyaJ/G0+Mxtfag==",
      "requires": {
        "loose-envify": "^1.1.0",
        "object-assign": "^4.1.1",
        "prop-types": "^15.6.2",
        "scheduler": "^0.19.1"
      }
    },
    "react-is": {
      "version": "16.13.1",
      "resolved": "https://registry.npmjs.org/react-is/-/react-is-16.13.1.tgz",
      "integrity": "sha512-24e6ynE2H+OKt4kqsOvNd8kBpV65zoxbA4BVsEOB3ARVWQki/DHzaUoC5KuON/BiccDaCCTZBuOcfZs70kR8bQ=="
    },
    "scheduler": {
      "version": "0.19.1",
      "resolved": "https://registry.npmjs.org/scheduler/-/scheduler-0.19.1.tgz",
      "integrity": "sha512-n/zwRWRYSUj0/3g/otKDRPMh6qv2SYMWNq85IEa8iZyAv8od9zDYpGSnpBEjNgcMNq6Scbu5KfIPxNF72R/2EA==",
      "requires": {
        "loose-envify": "^1.1.0",
        "object-assign": "^4.1.1"
      }
    },
    "source-map": {
      "version": "0.7.3",
      "resolved": "https://registry.npmjs.org/source-map/-/source-map-0.7.3.tgz",
      "integrity": "sha512-CkCj6giN3S+n9qrYiBTX5gystlENnRW5jZeNLHpe6aue+SrHcG5VYwujhW9s4dY31mEGsxBDrHR6oI69fTXsaQ=="
    },
    "source-map-js": {
      "version": "1.0.2",
      "resolved": "https://registry.npmjs.org/source-map-js/-/source-map-js-1.0.2.tgz",
      "integrity": "sha512-R0XvVJ9WusLiqTCEiGCmICCMplcCkIwwR11mOSD9CR5u+IXYdiseeEuXCVAjS54zqwkLcPNnmU4OeJ6tUrWhDw=="
    },
    "source-map-support": {
      "version": "0.5.19",
      "resolved": "https://registry.npmjs.org/source-map-support/-/source-map-support-0.5.19.tgz",
      "integrity": "sha512-Wonm7zOCIJzBGQdB+thsPar0kYuCIzYvxZwlBa87yi/Mdjv7Tip2cyVbLj5o0cFPN4EVkuTwb3GDDyUx2DGnGw==",
      "requires": {
        "buffer-from": "^1.0.0",
        "source-map": "^0.6.0"
      },
      "dependencies": {
        "source-map": {
          "version": "0.6.1",
          "resolved": "https://registry.npmjs.org/source-map/-/source-map-0.6.1.tgz",
          "integrity": "sha512-UjgapumWlbMhkBgzT7Ykc5YXUT46F0iKu8SGXq0bcwP5dz/h0Plj6enJqjz1Zbq2l5WaqYnrVbwWOWMyF3F47g=="
        }
      }
    },
    "styled-jsx": {
      "version": "5.0.0",
      "resolved": "https://registry.npmjs.org/styled-jsx/-/styled-jsx-5.0.0.tgz",
      "integrity": "sha512-qUqsWoBquEdERe10EW8vLp3jT25s/ssG1/qX5gZ4wu15OZpmSMFI2v+fWlRhLfykA5rFtlJ1ME8A8pm/peV4WA=="
    },
    "symbol-observable": {
      "version": "2.0.3",
      "resolved": "https://registry.npmjs.org/symbol-observable/-/symbol-observable-2.0.3.tgz",
      "integrity": "sha512-sQV7phh2WCYAn81oAkakC5qjq2Ml0g8ozqz03wOGnx9dDlG1de6yrF+0RAzSJD8fPUow3PTSMf2SAbOGxb93BA=="
    },
    "terser": {
      "version": "5.3.4",
      "resolved": "https://registry.npmjs.org/terser/-/terser-5.3.4.tgz",
      "integrity": "sha512-dxuB8KQo8Gt6OVOeLg/rxfcxdNZI/V1G6ze1czFUzPeCFWZRtvZMgSzlZZ5OYBZ4HoG607F6pFPNLekJyV+yVw==",
      "requires": {
        "commander": "^2.20.0",
        "source-map": "~0.7.2",
        "source-map-support": "~0.5.19"
      }
    },
    "ts-invariant": {
      "version": "0.4.4",
      "resolved": "https://registry.npmjs.org/ts-invariant/-/ts-invariant-0.4.4.tgz",
      "integrity": "sha512-uEtWkFM/sdZvRNNDL3Ehu4WVpwaulhwQszV8mrtcdeE8nN00BV9mAmQ88RkrBhFgl9gMgvjJLAQcZbnPXI9mlA==",
      "requires": {
        "tslib": "^1.9.3"
      }
    },
    "tslib": {
      "version": "1.14.0",
      "resolved": "https://registry.npmjs.org/tslib/-/tslib-1.14.0.tgz",
      "integrity": "sha512-+Zw5lu0D9tvBMjGP8LpvMb0u2WW2QV3y+D8mO6J+cNzCYIN4sVy43Bf9vl92nqFahutN0I8zHa7cc4vihIshnw=="
    },
    "use-subscription": {
      "version": "1.5.1",
      "resolved": "https://registry.npmjs.org/use-subscription/-/use-subscription-1.5.1.tgz",
      "integrity": "sha512-Xv2a1P/yReAjAbhylMfFplFKj9GssgTwN7RlcTxBujFQcloStWNDQdc4g4NRWH9xS4i/FDk04vQBptAXoF3VcA==",
      "requires": {
        "object-assign": "^4.1.1"
      }
    },
    "zen-observable": {
      "version": "0.8.15",
      "resolved": "https://registry.npmjs.org/zen-observable/-/zen-observable-0.8.15.tgz",
      "integrity": "sha512-PQ2PC7R9rslx84ndNBZB/Dkv8V8fZEpk83RLgXtYd0fwUgEjseMn1Dgajh2x6S8QbZAFa9p2qVCEuYZNgve0dQ=="
    }
  }
}
